
Microsoft Visual Studio Solution File, Format Version 12.00
# Visual Studio 14
VisualStudioVersion = 14.0.25420.1
MinimumVisualStudioVersion = 10.0.40219.1
Project("{FAE04EC0-301F-11D3-BF4B-00C04F79EFBC}") = "VotiroGarage", "VotiroGarage\VotiroGarage.csproj", "{30DAB5A9-59D0-41BD-A07E-EBEF98679705}"
EndProject
Project("{FAE04EC0-301F-11D3-BF4B-00C04F79EFBC}") = "VotiroGarageTests", "VotiroGarageTests\VotiroGarageTests.csproj", "{E033A6AD-6E25-497F-960B-5B9EC37D528B}"
EndProject
Global
	GlobalSection(SolutionConfigurationPlatforms) = preSolution
		Debug|Any CPU = Debug|Any CPU
		Release|Any CPU = Release|Any CPU
	EndGlobalSection
	GlobalSection(ProjectConfigurationPlatforms) = postSolution
		{30DAB5A9-59D0-41BD-A07E-EBEF98679705}.Debug|Any CPU.ActiveCfg = Debug|Any CPU
		{30DAB5A9-59D0-41BD-A07E-EBEF98679705}.Debug|Any CPU.Build.0 = Debug|Any CPU
		{30DAB5A9-59D0-41BD-A07E-EBEF98679705}.Release|Any CPU.ActiveCfg = Release|Any CPU
		{30DAB5A9-59D0-41BD-A07E-EBEF98679705}.Release|Any CPU.Build.0 = Release|Any CPU
		{E033A6AD-6E25-497F-960B-5B9EC37D528B}.Debug|Any CPU.ActiveCfg = Debug|Any CPU
		{E033A6AD-6E25-497F-960B-5B9EC37D528B}.Debug|Any CPU.Build.0 = Debug|Any CPU
		{E033A6AD-6E25-497F-960B-5B9EC37D528B}.Release|Any CPU.ActiveCfg = Release|Any CPU
		{E033A6AD-6E25-497F-960B-5B9EC37D528B}.Release|Any CPU.Build.0 = Release|Any CPU
	EndGlobalSection
	GlobalSection(SolutionProperties) = preSolution
		HideSolutionNode = FALSE
	EndGlobalSection
EndGlobal
